
Microsoft Visual Studio Solution File, Format Version 12.00
# Visual Studio Version 16
VisualStudioVersion = 16.0.29509.3
MinimumVisualStudioVersion = 10.0.40219.1
Project("{FAE04EC0-301F-11D3-BF4B-00C04F79EFBC}") = "MergeSort", "MergeSort\MergeSort.csproj", "{96FDED4E-5929-4E1D-9CC4-41CC9FABBB62}"
EndProject
Global
	GlobalSection(SolutionConfigurationPlatforms) = preSolution
		Debug|Any CPU = Debug|Any CPU
		Release|Any CPU = Release|Any CPU
	EndGlobalSection
	GlobalSection(ProjectConfigurationPlatforms) = postSolution
		{96FDED4E-5929-4E1D-9CC4-41CC9FABBB62}.Debug|Any CPU.ActiveCfg = Debug|Any CPU
		{96FDED4E-5929-4E1D-9CC4-41CC9FABBB62}.Debug|Any CPU.Build.0 = Debug|Any CPU
		{96FDED4E-5929-4E1D-9CC4-41CC9FABBB62}.Release|Any CPU.ActiveCfg = Release|Any CPU
		{96FDED4E-5929-4E1D-9CC4-41CC9FABBB62}.Release|Any CPU.Build.0 = Release|Any CPU
	EndGlobalSection
	GlobalSection(SolutionProperties) = preSolution
		HideSolutionNode = FALSE
	EndGlobalSection
	GlobalSection(ExtensibilityGlobals) = postSolution
		SolutionGuid = {8DADB294-F88D-4AF9-A268-9A8A5DA43A44}
	EndGlobalSection
EndGlobal
